<?xml version="1.0" encoding="utf-8"?>
<Project ToolsVersion="4.0" xmlns="http://schemas.microsoft.com/developer/msbuild/2003">
  <ItemGroup>
    <Filter Include="Source Files">
      <UniqueIdentifier>{4FC737F1-C7A5-4376-A066-2A32D752A2FF}</UniqueIdentifier>
      <Extensions>cpp;c;cc;cxx;c++;cppm;ixx;def;odl;idl;hpj;bat;asm;asmx</Extensions>
    </Filter>
    <Filter Include="Header Files">
      <UniqueIdentifier>{93995380-89BD-4b04-88EB-625FBE52EBFB}</UniqueIdentifier>
      <Extensions>h;hh;hpp;hxx;h++;hm;inl;inc;ipp;xsd</Extensions>
    </Filter>
    <Filter Include="Resource Files">
      <UniqueIdentifier>{67DA6AB6-F800-4c08-8B7A-83BB121AAD01}</UniqueIdentifier>
      <Extensions>rc;ico;cur;bmp;dlg;rc2;rct;bin;rgs;gif;jpg;jpeg;jpe;resx;tiff;tif;png;wav;mfcribbon-ms</Extensions>
    </Filter>
  </ItemGroup>
  <ItemGroup>
    <ClCompile Include="..\Tile-Converter\Dependencies\LUA\Include\lapi.c">
      <Filter>Source Files</Filter>
    </ClCompile>
    <ClCompile Include="..\Tile-Converter\Dependencies\LUA\Include\lauxlib.c">
      <Filter>Source Files</Filter>
    </ClCompile>
    <ClCompile Include="..\Tile-Converter\Dependencies\LUA\Include\lbaselib.c">
      <Filter>Source Files</Filter>
    </ClCompile>
    <ClCompile Include="..\Tile-Converter\Dependencies\LUA\Include\lcode.c">
      <Filter>Source Files</Filter>
    </ClCompile>
    <ClCompile Include="..\Tile-Converter\Dependencies\LUA\Include\lcorolib.c">
      <Filter>Source Files</Filter>
    </ClCompile>
    <ClCompile Include="..\Tile-Converter\Dependencies\LUA\Include\lctype.c">
      <Filter>Source Files</Filter>
    </ClCompile>
    <ClCompile Include="..\Tile-Converter\Dependencies\LUA\Include\ldblib.c">
      <Filter>Source Files</Filter>
    </ClCompile>
    <ClCompile Include="..\Tile-Converter\Dependencies\LUA\Include\ldebug.c">
      <Filter>Source Files</Filter>
    </ClCompile>
    <ClCompile Include="..\Tile-Converter\Dependencies\LUA\Include\ldo.c">
      <Filter>Source Files</Filter>
    </ClCompile>
    <ClCompile Include="..\Tile-Converter\Dependencies\LUA\Include\ldump.c">
      <Filter>Source Files</Filter>
    </ClCompile>
    <ClCompile Include="..\Tile-Converter\Dependencies\LUA\Include\lfunc.c">
      <Filter>Source Files</Filter>
    </ClCompile>
    <ClCompile Include="..\Tile-Converter\Dependencies\LUA\Include\lgc.c">
      <Filter>Source Files</Filter>
    </ClCompile>
    <ClCompile Include="..\Tile-Converter\Dependencies\LUA\Include\linit.c">
      <Filter>Source Files</Filter>
    </ClCompile>
    <ClCompile Include="..\Tile-Converter\Dependencies\LUA\Include\liolib.c">
      <Filter>Source Files</Filter>
    </ClCompile>
    <ClCompile Include="..\Tile-Converter\Dependencies\LUA\Include\llex.c">
      <Filter>Source Files</Filter>
    </ClCompile>
    <ClCompile Include="..\Tile-Converter\Dependencies\LUA\Include\lmathlib.c">
      <Filter>Source Files</Filter>
    </ClCompile>
    <ClCompile Include="..\Tile-Converter\Dependencies\LUA\Include\lmem.c">
      <Filter>Source Files</Filter>
    </ClCompile>
    <ClCompile Include="..\Tile-Converter\Dependencies\LUA\Include\loadlib.c">
      <Filter>Source Files</Filter>
    </ClCompile>
    <ClCompile Include="..\Tile-Converter\Dependencies\LUA\Include\lobject.c">
      <Filter>Source Files</Filter>
    </ClCompile>
    <ClCompile Include="..\Tile-Converter\Dependencies\LUA\Include\lopcodes.c">
      <Filter>Source Files</Filter>
    </ClCompile>
    <ClCompile Include="..\Tile-Converter\Dependencies\LUA\Include\loslib.c">
      <Filter>Source Files</Filter>
    </ClCompile>
    <ClCompile Include="..\Tile-Converter\Dependencies\LUA\Include\lparser.c">
      <Filter>Source Files</Filter>
    </ClCompile>
    <ClCompile Include="..\Tile-Converter\Dependencies\LUA\Include\lstate.c">
      <Filter>Source Files</Filter>
    </ClCompile>
    <ClCompile Include="..\Tile-Converter\Dependencies\LUA\Include\lstring.c">
      <Filter>Source Files</Filter>
    </ClCompile>
    <ClCompile Include="..\Tile-Converter\Dependencies\LUA\Include\lstrlib.c">
      <Filter>Source Files</Filter>
    </ClCompile>
    <ClCompile Include="..\Tile-Converter\Dependencies\LUA\Include\ltable.c">
      <Filter>Source Files</Filter>
    </ClCompile>
    <ClCompile Include="..\Tile-Converter\Dependencies\LUA\Include\ltablib.c">
      <Filter>Source Files</Filter>
    </ClCompile>
    <ClCompile Include="..\Tile-Converter\Dependencies\LUA\Include\ltests.c">
      <Filter>Source Files</Filter>
    </ClCompile>
    <ClCompile Include="..\Tile-Converter\Dependencies\LUA\Include\ltm.c">
      <Filter>Source Files</Filter>
    </ClCompile>
    <ClCompile Include="..\Tile-Converter\Dependencies\LUA\Include\lundump.c">
      <Filter>Source Files</Filter>
    </ClCompile>
    <ClCompile Include="..\Tile-Converter\Dependencies\LUA\Include\lutf8lib.c">
      <Filter>Source Files</Filter>
    </ClCompile>
    <ClCompile Include="..\Tile-Converter\Dependencies\LUA\Include\lvm.c">
      <Filter>Source Files</Filter>
    </ClCompile>
    <ClCompile Include="..\Tile-Converter\Dependencies\LUA\Include\lzio.c">
      <Filter>Source Files</Filter>
    </ClCompile>
  </ItemGroup>
  <ItemGroup>
    <ClInclude Include="..\Tile-Converter\Dependencies\LUA\Include\lapi.h">
      <Filter>Header Files</Filter>
    </ClInclude>
    <ClInclude Include="..\Tile-Converter\Dependencies\LUA\Include\lauxlib.h">
      <Filter>Header Files</Filter>
    </ClInclude>
    <ClInclude Include="..\Tile-Converter\Dependencies\LUA\Include\lcode.h">
      <Filter>Header Files</Filter>
    </ClInclude>
    <ClInclude Include="..\Tile-Converter\Dependencies\LUA\Include\lctype.h">
      <Filter>Header Files</Filter>
    </ClInclude>
    <ClInclude Include="..\Tile-Converter\Dependencies\LUA\Include\ldebug.h">
      <Filter>Header Files</Filter>
    </ClInclude>
    <ClInclude Include="..\Tile-Converter\Dependencies\LUA\Include\ldo.h">
      <Filter>Header Files</Filter>
    </ClInclude>
    <ClInclude Include="..\Tile-Converter\Dependencies\LUA\Include\lfunc.h">
      <Filter>Header Files</Filter>
    </ClInclude>
    <ClInclude Include="..\Tile-Converter\Dependencies\LUA\Include\lgc.h">
      <Filter>Header Files</Filter>
    </ClInclude>
    <ClInclude Include="..\Tile-Converter\Dependencies\LUA\Include\ljumptab.h">
      <Filter>Header Files</Filter>
    </ClInclude>
    <ClInclude Include="..\Tile-Converter\Dependencies\LUA\Include\llex.h">
      <Filter>Header Files</Filter>
    </ClInclude>
    <ClInclude Include="..\Tile-Converter\Dependencies\LUA\Include\llimits.h">
      <Filter>Header Files</Filter>
    </ClInclude>
    <ClInclude Include="..\Tile-Converter\Dependencies\LUA\Include\lmem.h">
      <Filter>Header Files</Filter>
    </ClInclude>
    <ClInclude Include="..\Tile-Converter\Dependencies\LUA\Include\lobject.h">
      <Filter>Header Files</Filter>
    </ClInclude>
    <ClInclude Include="..\Tile-Converter\Dependencies\LUA\Include\lopcodes.h">
      <Filter>Header Files</Filter>
    </ClInclude>
    <ClInclude Include="..\Tile-Converter\Dependencies\LUA\Include\lopnames.h">
      <Filter>Header Files</Filter>
    </ClInclude>
    <ClInclude Include="..\Tile-Converter\Dependencies\LUA\Include\lparser.h">
      <Filter>Header Files</Filter>
    </ClInclude>
    <ClInclude Include="..\Tile-Converter\Dependencies\LUA\Include\lprefix.h">
      <Filter>Header Files</Filter>
    </ClInclude>
    <ClInclude Include="..\Tile-Converter\Dependencies\LUA\Include\lstate.h">
      <Filter>Header Files</Filter>
    </ClInclude>
    <ClInclude Include="..\Tile-Converter\Dependencies\LUA\Include\lstring.h">
      <Filter>Header Files</Filter>
    </ClInclude>
    <ClInclude Include="..\Tile-Converter\Dependencies\LUA\Include\ltable.h">
      <Filter>Header Files</Filter>
    </ClInclude>
    <ClInclude Include="..\Tile-Converter\Dependencies\LUA\Include\ltests.h">
      <Filter>Header Files</Filter>
    </ClInclude>
    <ClInclude Include="..\Tile-Converter\Dependencies\LUA\Include\ltm.h">
      <Filter>Header Files</Filter>
    </ClInclude>
    <ClInclude Include="..\Tile-Converter\Dependencies\LUA\Include\lua.h">
      <Filter>Header Files</Filter>
    </ClInclude>
    <ClInclude Include="..\Tile-Converter\Dependencies\LUA\Include\luaconf.h">
      <Filter>Header Files</Filter>
    </ClInclude>
    <ClInclude Include="..\Tile-Converter\Dependencies\LUA\Include\lualib.h">
      <Filter>Header Files</Filter>
    </ClInclude>
    <ClInclude Include="..\Tile-Converter\Dependencies\LUA\Include\lundump.h">
      <Filter>Header Files</Filter>
    </ClInclude>
    <ClInclude Include="..\Tile-Converter\Dependencies\LUA\Include\lvm.h">
      <Filter>Header Files</Filter>
    </ClInclude>
    <ClInclude Include="..\Tile-Converter\Dependencies\LUA\Include\lzio.h">
      <Filter>Header Files</Filter>
    </ClInclude>
  </ItemGroup>
</Project>