<?xml version="1.0" encoding="utf-8"?>
<Project ToolsVersion="4.0" xmlns="http://schemas.microsoft.com/developer/msbuild/2003">
  <ItemGroup>
    <Filter Include="Source Files">
      <UniqueIdentifier>{4FC737F1-C7A5-4376-A066-2A32D752A2FF}</UniqueIdentifier>
      <Extensions>cpp;c;cc;cxx;c++;cppm;ixx;def;odl;idl;hpj;bat;asm;asmx</Extensions>
    </Filter>
    <Filter Include="Header Files">
      <UniqueIdentifier>{93995380-89BD-4b04-88EB-625FBE52EBFB}</UniqueIdentifier>
      <Extensions>h;hh;hpp;hxx;h++;hm;inl;inc;ipp;xsd</Extensions>
    </Filter>
    <Filter Include="Resource Files">
      <UniqueIdentifier>{67DA6AB6-F800-4c08-8B7A-83BB121AAD01}</UniqueIdentifier>
      <Extensions>rc;ico;cur;bmp;dlg;rc2;rct;bin;rgs;gif;jpg;jpeg;jpe;resx;tiff;tif;png;wav;mfcribbon-ms</Extensions>
    </Filter>
  </ItemGroup>
  <ItemGroup>
    <ClCompile Include="Code\ObjectDatabase\Readers\AssetListLoader.cpp">
      <Filter>Source Files</Filter>
    </ClCompile>
    <ClCompile Include="Code\ObjectDatabase\Readers\BlockListLoader.cpp">
      <Filter>Source Files</Filter>
    </ClCompile>
    <ClCompile Include="Code\ObjectDatabase\Readers\ClutterListLoader.cpp">
      <Filter>Source Files</Filter>
    </ClCompile>
    <ClCompile Include="Code\ObjectDatabase\Readers\DefaultLoader.cpp">
      <Filter>Source Files</Filter>
    </ClCompile>
    <ClCompile Include="Code\ObjectDatabase\Readers\HarvestableListLoader.cpp">
      <Filter>Source Files</Filter>
    </ClCompile>
    <ClCompile Include="Code\ObjectDatabase\Mods\Mod.cpp">
      <Filter>Source Files</Filter>
    </ClCompile>
    <ClCompile Include="Code\ObjectDatabase\ObjectRotations.cpp">
      <Filter>Source Files</Filter>
    </ClCompile>
    <ClCompile Include="Code\ObjectDatabase\Readers\PartListLoader.cpp">
      <Filter>Source Files</Filter>
    </ClCompile>
    <ClCompile Include="Code\ObjectDatabase\DatabaseConfig.cpp">
      <Filter>Source Files</Filter>
    </ClCompile>
    <ClCompile Include="Code\ObjectDatabase\KeywordReplacer.cpp">
      <Filter>Source Files</Filter>
    </ClCompile>
    <ClCompile Include="Code\ObjectDatabase\ModelStorage.cpp">
      <Filter>Source Files</Filter>
    </ClCompile>
    <ClCompile Include="Code\ObjectDatabase\ObjectData.cpp">
      <Filter>Source Files</Filter>
    </ClCompile>
    <ClCompile Include="Code\ObjectDatabase\ObjectDatabase.cpp">
      <Filter>Source Files</Filter>
    </ClCompile>
    <ClCompile Include="Code\Tile\Object\Asset.cpp">
      <Filter>Source Files</Filter>
    </ClCompile>
    <ClCompile Include="Code\Tile\Object\Block.cpp">
      <Filter>Source Files</Filter>
    </ClCompile>
    <ClCompile Include="Code\Tile\Object\Blueprint.cpp">
      <Filter>Source Files</Filter>
    </ClCompile>
    <ClCompile Include="Code\Tile\Object\Harvestable.cpp">
      <Filter>Source Files</Filter>
    </ClCompile>
    <ClCompile Include="Code\Tile\Object\Joint.cpp">
      <Filter>Source Files</Filter>
    </ClCompile>
    <ClCompile Include="Code\Tile\Object\Part.cpp">
      <Filter>Source Files</Filter>
    </ClCompile>
    <ClCompile Include="Code\Tile\Object\Prefab.cpp">
      <Filter>Source Files</Filter>
    </ClCompile>
    <ClCompile Include="Code\Tile\Object\TileClutter.cpp">
      <Filter>Source Files</Filter>
    </ClCompile>
    <ClCompile Include="Code\Tile\Object\TileEntity.cpp">
      <Filter>Source Files</Filter>
    </ClCompile>
    <ClCompile Include="Code\Tile\Tile.cpp">
      <Filter>Source Files</Filter>
    </ClCompile>
    <ClCompile Include="Code\Tile\TilePart.cpp">
      <Filter>Source Files</Filter>
    </ClCompile>
    <ClCompile Include="Code\Utils\File.cpp">
      <Filter>Source Files</Filter>
    </ClCompile>
    <ClCompile Include="Code\Utils\Json.cpp">
      <Filter>Source Files</Filter>
    </ClCompile>
    <ClCompile Include="Code\Main.cpp">
      <Filter>Source Files</Filter>
    </ClCompile>
    <ClCompile Include="Code\Tile\TileConverter.cpp">
      <Filter>Source Files</Filter>
    </ClCompile>
    <ClCompile Include="Code\Gui\MainGui.cpp">
      <Filter>Source Files</Filter>
    </ClCompile>
    <ClCompile Include="Code\Gui\AboutGui.cpp">
      <Filter>Source Files</Filter>
    </ClCompile>
    <ClCompile Include="Code\Gui\SettingsGui.cpp">
      <Filter>Source Files</Filter>
    </ClCompile>
    <ClCompile Include="Code\Gui\ConvertSettingsGui.cpp">
      <Filter>Source Files</Filter>
    </ClCompile>
    <ClCompile Include="Code\ObjectDatabase\ProgCounter.cpp">
      <Filter>Source Files</Filter>
    </ClCompile>
    <ClCompile Include="Code\ObjectDatabase\MaterialManager.cpp">
      <Filter>Source Files</Filter>
    </ClCompile>
    <ClCompile Include="Code\ObjectDatabase\GroundTextureDatabase.cpp">
      <Filter>Source Files</Filter>
    </ClCompile>
    <ClCompile Include="Code\ObjectDatabase\Mods\BlocksAndPartsMod.cpp">
      <Filter>Source Files</Filter>
    </ClCompile>
    <ClCompile Include="Code\ObjectDatabase\Mods\TerrainAssetsMod.cpp">
      <Filter>Source Files</Filter>
    </ClCompile>
    <ClCompile Include="Code\ObjectDatabase\Mods\GameDataMod.cpp">
      <Filter>Source Files</Filter>
    </ClCompile>
    <ClCompile Include="Code\Tile\Object\Decal.cpp">
      <Filter>Source Files</Filter>
    </ClCompile>
    <ClCompile Include="Code\ObjectDatabase\Readers\DecalsetListReader.cpp">
      <Filter>Source Files</Filter>
    </ClCompile>
    <ClCompile Include="Code\ObjectDatabase\Readers\DecalsetReader.cpp">
      <Filter>Source Files</Filter>
    </ClCompile>
    <ClCompile Include="Code\Console.cpp">
      <Filter>Source Files</Filter>
    </ClCompile>
    <ClCompile Include="Code\LuaWorldGenerator\LuaWorldGenerator.cpp">
      <Filter>Source Files</Filter>
    </ClCompile>
    <ClCompile Include="Code\LuaWorldGenerator\SMLuaLibs\LuaBaseFunctions.cpp">
      <Filter>Source Files</Filter>
    </ClCompile>
    <ClCompile Include="Code\LuaWorldGenerator\SMLuaLibs\LuaUuid.cpp">
      <Filter>Source Files</Filter>
    </ClCompile>
    <ClCompile Include="Code\Utils\Crypt.cpp">
      <Filter>Source Files</Filter>
    </ClCompile>
    <ClCompile Include="Code\LuaWorldGenerator\SMLuaLibs\LuaBitLibrary.cpp">
      <Filter>Source Files</Filter>
    </ClCompile>
    <ClCompile Include="Code\LuaWorldGenerator\SMLuaLibs\LuaVec3.cpp">
      <Filter>Source Files</Filter>
    </ClCompile>
    <ClCompile Include="Code\LuaWorldGenerator\SMLuaLibs\LuaColor.cpp">
      <Filter>Source Files</Filter>
    </ClCompile>
    <ClCompile Include="Code\LuaWorldGenerator\SMLuaLibs\LuaTerrainTile.cpp">
      <Filter>Source Files</Filter>
    </ClCompile>
    <ClCompile Include="Code\LuaWorldGenerator\SMLuaLibs\LuaUtil.cpp">
      <Filter>Source Files</Filter>
    </ClCompile>
    <ClCompile Include="Code\LuaWorldGenerator\SMLuaLibs\LuaQuat.cpp">
      <Filter>Source Files</Filter>
    </ClCompile>
    <ClCompile Include="Code\LuaWorldGenerator\SMLuaLibs\LuaLog.cpp">
      <Filter>Source Files</Filter>
    </ClCompile>
    <ClCompile Include="Code\LuaWorldGenerator\SMLuaLibs\LuaJson.cpp">
      <Filter>Source Files</Filter>
    </ClCompile>
    <ClCompile Include="Code\LuaWorldGenerator\SMLuaLibs\LuaNoise.cpp">
      <Filter>Source Files</Filter>
    </ClCompile>
    <ClCompile Include="Code\LuaWorldGenerator\SMLuaLibs\LuaTerrainData.cpp">
      <Filter>Source Files</Filter>
    </ClCompile>
    <ClCompile Include="Dependencies\simdjson\simdjson\simdjson.cpp">
      <Filter>Source Files</Filter>
    </ClCompile>
  </ItemGroup>
  <ItemGroup>
    <ClInclude Include="Code\ObjectDatabase\Readers\AssetListLoader.hpp">
      <Filter>Header Files</Filter>
    </ClInclude>
    <ClInclude Include="Code\ObjectDatabase\Readers\BlockListLoader.hpp">
      <Filter>Header Files</Filter>
    </ClInclude>
    <ClInclude Include="Code\ObjectDatabase\Readers\ClutterListLoader.hpp">
      <Filter>Header Files</Filter>
    </ClInclude>
    <ClInclude Include="Code\ObjectDatabase\Readers\DefaultLoader.hpp">
      <Filter>Header Files</Filter>
    </ClInclude>
    <ClInclude Include="Code\ObjectDatabase\Readers\HarvestableListLoader.hpp">
      <Filter>Header Files</Filter>
    </ClInclude>
    <ClInclude Include="Code\ObjectDatabase\Mods\Mod.hpp">
      <Filter>Header Files</Filter>
    </ClInclude>
    <ClInclude Include="Code\ObjectDatabase\ObjectRotations.hpp">
      <Filter>Header Files</Filter>
    </ClInclude>
    <ClInclude Include="Code\ObjectDatabase\Readers\PartListLoader.hpp">
      <Filter>Header Files</Filter>
    </ClInclude>
    <ClInclude Include="Code\ObjectDatabase\DatabaseConfig.hpp">
      <Filter>Header Files</Filter>
    </ClInclude>
    <ClInclude Include="Code\ObjectDatabase\KeywordReplacer.hpp">
      <Filter>Header Files</Filter>
    </ClInclude>
    <ClInclude Include="Code\ObjectDatabase\ModelStorage.hpp">
      <Filter>Header Files</Filter>
    </ClInclude>
    <ClInclude Include="Code\ObjectDatabase\ObjectData.hpp">
      <Filter>Header Files</Filter>
    </ClInclude>
    <ClInclude Include="Code\ObjectDatabase\ObjectDatabase.hpp">
      <Filter>Header Files</Filter>
    </ClInclude>
    <ClInclude Include="Code\SMReaders\AssetListReader.hpp">
      <Filter>Header Files</Filter>
    </ClInclude>
    <ClInclude Include="Code\SMReaders\BlueprintListReader.hpp">
      <Filter>Header Files</Filter>
    </ClInclude>
    <ClInclude Include="Code\SMReaders\ClutterReader.hpp">
      <Filter>Header Files</Filter>
    </ClInclude>
    <ClInclude Include="Code\SMReaders\HarvestableListReader.hpp">
      <Filter>Header Files</Filter>
    </ClInclude>
    <ClInclude Include="Code\SMReaders\MipReader.hpp">
      <Filter>Header Files</Filter>
    </ClInclude>
    <ClInclude Include="Code\SMReaders\PrefabFileReader.hpp">
      <Filter>Header Files</Filter>
    </ClInclude>
    <ClInclude Include="Code\SMReaders\PrefabHeader.hpp">
      <Filter>Header Files</Filter>
    </ClInclude>
    <ClInclude Include="Code\SMReaders\PrefabReader.hpp">
      <Filter>Header Files</Filter>
    </ClInclude>
    <ClInclude Include="Code\SMReaders\TileReader.hpp">
      <Filter>Header Files</Filter>
    </ClInclude>
    <ClInclude Include="Code\Tile\Object\Asset.hpp">
      <Filter>Header Files</Filter>
    </ClInclude>
    <ClInclude Include="Code\Tile\Object\Block.hpp">
      <Filter>Header Files</Filter>
    </ClInclude>
    <ClInclude Include="Code\Tile\Object\Blueprint.hpp">
      <Filter>Header Files</Filter>
    </ClInclude>
    <ClInclude Include="Code\Tile\Object\Harvestable.hpp">
      <Filter>Header Files</Filter>
    </ClInclude>
    <ClInclude Include="Code\Tile\Object\Joint.hpp">
      <Filter>Header Files</Filter>
    </ClInclude>
    <ClInclude Include="Code\Tile\Object\Part.hpp">
      <Filter>Header Files</Filter>
    </ClInclude>
    <ClInclude Include="Code\Tile\Object\Prefab.hpp">
      <Filter>Header Files</Filter>
    </ClInclude>
    <ClInclude Include="Code\Tile\Object\TileClutter.hpp">
      <Filter>Header Files</Filter>
    </ClInclude>
    <ClInclude Include="Code\Tile\Object\TileEntity.hpp">
      <Filter>Header Files</Filter>
    </ClInclude>
    <ClInclude Include="Code\Tile\CellHeader.hpp">
      <Filter>Header Files</Filter>
    </ClInclude>
    <ClInclude Include="Code\Tile\Tile.hpp">
      <Filter>Header Files</Filter>
    </ClInclude>
    <ClInclude Include="Code\Tile\TileHeader.hpp">
      <Filter>Header Files</Filter>
    </ClInclude>
    <ClInclude Include="Code\Tile\TilePart.hpp">
      <Filter>Header Files</Filter>
    </ClInclude>
    <ClInclude Include="Code\Tile\WriterOffset.hpp">
      <Filter>Header Files</Filter>
    </ClInclude>
    <ClInclude Include="Code\Utils\BitStream.hpp">
      <Filter>Header Files</Filter>
    </ClInclude>
    <ClInclude Include="Code\Utils\ByteImpl.hpp">
      <Filter>Header Files</Filter>
    </ClInclude>
    <ClInclude Include="Code\Utils\Color.hpp">
      <Filter>Header Files</Filter>
    </ClInclude>
    <ClInclude Include="Code\Utils\File.hpp">
      <Filter>Header Files</Filter>
    </ClInclude>
    <ClInclude Include="Code\Utils\Json.hpp">
      <Filter>Header Files</Filter>
    </ClInclude>
    <ClInclude Include="Code\Utils\Memory.hpp">
      <Filter>Header Files</Filter>
    </ClInclude>
    <ClInclude Include="Code\Utils\String.hpp">
      <Filter>Header Files</Filter>
    </ClInclude>
    <ClInclude Include="Code\Utils\Uuid.hpp">
      <Filter>Header Files</Filter>
    </ClInclude>
    <ClInclude Include="Code\Utils\WinInclude.hpp">
      <Filter>Header Files</Filter>
    </ClInclude>
    <ClInclude Include="Code\Console.hpp">
      <Filter>Header Files</Filter>
    </ClInclude>
    <ClInclude Include="Code\ProgramConfig.hpp">
      <Filter>Header Files</Filter>
    </ClInclude>
    <ClInclude Include="Code\Tile\TileConverter.hpp">
      <Filter>Header Files</Filter>
    </ClInclude>
    <ClInclude Include="Code\Gui\MainGui.h">
      <Filter>Header Files</Filter>
    </ClInclude>
    <ClInclude Include="Code\Gui\AboutGui.h">
      <Filter>Header Files</Filter>
    </ClInclude>
    <ClInclude Include="Code\Gui\SettingsGui.h">
      <Filter>Header Files</Filter>
    </ClInclude>
    <ClInclude Include="Code\Gui\ConvertSettingsGui.h">
      <Filter>Header Files</Filter>
    </ClInclude>
    <ClInclude Include="Code\ObjectDatabase\ProgCounter.hpp">
      <Filter>Header Files</Filter>
    </ClInclude>
    <ClInclude Include="Code\ObjectDatabase\MaterialManager.hpp">
      <Filter>Header Files</Filter>
    </ClInclude>
    <ClInclude Include="Code\ObjectDatabase\GroundTextureDatabase.hpp">
      <Filter>Header Files</Filter>
    </ClInclude>
    <ClInclude Include="Code\ObjectDatabase\Mods\BlocksAndPartsMod.hpp">
      <Filter>Header Files</Filter>
    </ClInclude>
    <ClInclude Include="Code\ObjectDatabase\Mods\TerrainAssetsMod.hpp">
      <Filter>Header Files</Filter>
    </ClInclude>
    <ClInclude Include="Code\ObjectDatabase\Mods\GameDataMod.hpp">
      <Filter>Header Files</Filter>
    </ClInclude>
    <ClInclude Include="Code\Tile\Object\GroundTerrainData.hpp">
      <Filter>Header Files</Filter>
    </ClInclude>
    <ClInclude Include="Code\SMReaders\DecalListReader.hpp">
      <Filter>Header Files</Filter>
    </ClInclude>
    <ClInclude Include="Code\Tile\Object\Decal.hpp">
      <Filter>Header Files</Filter>
    </ClInclude>
    <ClInclude Include="Code\ObjectDatabase\Readers\DecalsetListReader.hpp">
      <Filter>Header Files</Filter>
    </ClInclude>
    <ClInclude Include="Code\ObjectDatabase\Readers\DecalsetReader.hpp">
      <Filter>Header Files</Filter>
    </ClInclude>
    <ClInclude Include="Code\LuaWorldGenerator\LuaWorldGenerator.hpp">
      <Filter>Header Files</Filter>
    </ClInclude>
    <ClInclude Include="Code\LuaWorldGenerator\SMLuaLibs\LuaBaseFunctions.hpp">
      <Filter>Header Files</Filter>
    </ClInclude>
    <ClInclude Include="Code\LuaWorldGenerator\SMLuaLibs\LuaUuid.hpp">
      <Filter>Header Files</Filter>
    </ClInclude>
    <ClInclude Include="Code\LuaWorldGenerator\SMLuaLibs\LuaTableUtils.hpp">
      <Filter>Header Files</Filter>
    </ClInclude>
    <ClInclude Include="Code\Utils\Crypt.hpp">
      <Filter>Header Files</Filter>
    </ClInclude>
    <ClInclude Include="Code\LuaWorldGenerator\SMLuaLibs\LuaVec3.hpp">
      <Filter>Header Files</Filter>
    </ClInclude>
    <ClInclude Include="Code\LuaWorldGenerator\SMLuaLibs\LuaColor.hpp">
      <Filter>Header Files</Filter>
    </ClInclude>
    <ClInclude Include="Code\LuaWorldGenerator\SMLuaLibs\LuaTerrainTile.hpp">
      <Filter>Header Files</Filter>
    </ClInclude>
    <ClInclude Include="Code\LuaWorldGenerator\SMLuaLibs\LuaUtil.hpp">
      <Filter>Header Files</Filter>
    </ClInclude>
    <ClInclude Include="Code\LuaWorldGenerator\SMLuaLibs\LuaQuat.hpp">
      <Filter>Header Files</Filter>
    </ClInclude>
    <ClInclude Include="Code\LuaWorldGenerator\SMLuaLibs\LuaLog.hpp">
      <Filter>Header Files</Filter>
    </ClInclude>
    <ClInclude Include="Code\LuaWorldGenerator\SMLuaLibs\LuaJson.hpp">
      <Filter>Header Files</Filter>
    </ClInclude>
    <ClInclude Include="Code\LuaWorldGenerator\SMLuaLibs\LuaNoise.hpp">
      <Filter>Header Files</Filter>
    </ClInclude>
    <ClInclude Include="Code\LuaWorldGenerator\SMLuaLibs\LuaTerrainData.hpp">
      <Filter>Header Files</Filter>
    </ClInclude>
    <ClInclude Include="Code\Tile\ConvertError.hpp">
      <Filter>Header Files</Filter>
    </ClInclude>
    <ClInclude Include="Code\Tile\ConvertSettings.hpp">
      <Filter>Header Files</Filter>
    </ClInclude>
    <ClInclude Include="Dependencies\simdjson\simdjson\simdjson.h">
      <Filter>Header Files</Filter>
    </ClInclude>
  </ItemGroup>
</Project>