
Microsoft Visual Studio Solution File, Format Version 12.00
# Visual Studio Version 17
VisualStudioVersion = 17.1.31911.260
MinimumVisualStudioVersion = 10.0.40219.1
Project("{8BC9CEB8-8B4A-11D0-8D11-00A0C91BC942}") = "Tile Converter", "Tile Converter.vcxproj", "{AA90FB17-EE08-4148-9DC1-6F3110FFEA91}"
EndProject
Global
	GlobalSection(SolutionConfigurationPlatforms) = preSolution
		Debug|x64 = Debug|x64
		Debug|x86 = Debug|x86
		Release|x64 = Release|x64
		Release|x86 = Release|x86
	EndGlobalSection
	GlobalSection(ProjectConfigurationPlatforms) = postSolution
		{AA90FB17-EE08-4148-9DC1-6F3110FFEA91}.Debug|x64.ActiveCfg = Debug|x64
		{AA90FB17-EE08-4148-9DC1-6F3110FFEA91}.Debug|x64.Build.0 = Debug|x64
		{AA90FB17-EE08-4148-9DC1-6F3110FFEA91}.Debug|x86.ActiveCfg = Debug|Win32
		{AA90FB17-EE08-4148-9DC1-6F3110FFEA91}.Debug|x86.Build.0 = Debug|Win32
		{AA90FB17-EE08-4148-9DC1-6F3110FFEA91}.Release|x64.ActiveCfg = Release|x64
		{AA90FB17-EE08-4148-9DC1-6F3110FFEA91}.Release|x64.Build.0 = Release|x64
		{AA90FB17-EE08-4148-9DC1-6F3110FFEA91}.Release|x86.ActiveCfg = Release|Win32
		{AA90FB17-EE08-4148-9DC1-6F3110FFEA91}.Release|x86.Build.0 = Release|Win32
	EndGlobalSection
	GlobalSection(SolutionProperties) = preSolution
		HideSolutionNode = FALSE
	EndGlobalSection
	GlobalSection(ExtensibilityGlobals) = postSolution
		SolutionGuid = {34038639-B9E7-4C14-A42C-4878E35E7C3F}
	EndGlobalSection
EndGlobal
